
Microsoft Visual Studio Solution File, Format Version 12.00
# Visual Studio Version 16
VisualStudioVersion = 16.0.32106.194
MinimumVisualStudioVersion = 10.0.40219.1
Project("{FAE04EC0-301F-11D3-BF4B-00C04F79EFBC}") = "WebMetrixPe", "WebMetrixPe\WebMetrixPe.csproj", "{44309475-8712-431A-ADFB-B4DC4BB986DD}"
EndProject
Global
	GlobalSection(SolutionConfigurationPlatforms) = preSolution
		Debug|Any CPU = Debug|Any CPU
		Release|Any CPU = Release|Any CPU
	EndGlobalSection
	GlobalSection(ProjectConfigurationPlatforms) = postSolution
		{44309475-8712-431A-ADFB-B4DC4BB986DD}.Debug|Any CPU.ActiveCfg = Debug|Any CPU
		{44309475-8712-431A-ADFB-B4DC4BB986DD}.Debug|Any CPU.Build.0 = Debug|Any CPU
		{44309475-8712-431A-ADFB-B4DC4BB986DD}.Release|Any CPU.ActiveCfg = Release|Any CPU
		{44309475-8712-431A-ADFB-B4DC4BB986DD}.Release|Any CPU.Build.0 = Release|Any CPU
	EndGlobalSection
	GlobalSection(SolutionProperties) = preSolution
		HideSolutionNode = FALSE
	EndGlobalSection
	GlobalSection(ExtensibilityGlobals) = postSolution
		SolutionGuid = {0C3A0482-289A-4185-9D67-AE21A4D0FDE1}
	EndGlobalSection
EndGlobal
